Microsoft Visual Studio Solution File, Format Version 12.00
# Visual Studio Version 17
VisualStudioVersion = 17.11.35219.272
MinimumVisualStudioVersion = 10.0.40219.1
Project("{9A19103F-16F7-4668-BE54-9A1E7A4F7556}") = "MVCCore", "MVCCore\MVCCore.csproj", "{5DF874D3-988A-4064-9348-328363B9C3D8}"
EndProject
Project("{FAE04EC0-301F-11D3-BF4B-00C04F79EFBC}") = "Persistance", "Persistance\Persistance.csproj", "{A42C9478-4B2C-47EA-8E4D-14646F2D3D98}"
EndProject
Global
	GlobalSection(SolutionConfigurationPlatforms) = preSolution
		Debug|Any CPU = Debug|Any CPU
		Release|Any CPU = Release|Any CPU
	EndGlobalSection
	GlobalSection(ProjectConfigurationPlatforms) = postSolution
		{5DF874D3-988A-4064-9348-328363B9C3D8}.Debug|Any CPU.ActiveCfg = Debug|Any CPU
		{5DF874D3-988A-4064-9348-328363B9C3D8}.Debug|Any CPU.Build.0 = Debug|Any CPU
		{5DF874D3-988A-4064-9348-328363B9C3D8}.Release|Any CPU.ActiveCfg = Release|Any CPU
		{5DF874D3-988A-4064-9348-328363B9C3D8}.Release|Any CPU.Build.0 = Release|Any CPU
		{A42C9478-4B2C-47EA-8E4D-14646F2D3D98}.Debug|Any CPU.ActiveCfg = Debug|Any CPU
		{A42C9478-4B2C-47EA-8E4D-14646F2D3D98}.Debug|Any CPU.Build.0 = Debug|Any CPU
		{A42C9478-4B2C-47EA-8E4D-14646F2D3D98}.Release|Any CPU.ActiveCfg = Release|Any CPU
		{A42C9478-4B2C-47EA-8E4D-14646F2D3D98}.Release|Any CPU.Build.0 = Release|Any CPU
	EndGlobalSection
	GlobalSection(SolutionProperties) = preSolution
		HideSolutionNode = FALSE
	EndGlobalSection
	GlobalSection(ExtensibilityGlobals) = postSolution
		SolutionGuid = {428E67E7-DECD-43C3-972C-2867641A460E}
	EndGlobalSection
EndGlobal
